
Microsoft Visual Studio Solution File, Format Version 12.00
# Visual Studio 15
VisualStudioVersion = 15.0.27130.2027
MinimumVisualStudioVersion = 10.0.40219.1
Project("{888888A0-9F3D-457C-B088-3A5042F75D52}") = "SNAWeb", "SNAWeb\SNAWeb.pyproj", "{F1C7111D-7CF8-402A-B2F9-5388F415669E}"
EndProject
Global
	GlobalSection(SolutionConfigurationPlatforms) = preSolution
		Debug|Any CPU = Debug|Any CPU
		Release|Any CPU = Release|Any CPU
	EndGlobalSection
	GlobalSection(ProjectConfigurationPlatforms) = postSolution
		{F1C7111D-7CF8-402A-B2F9-5388F415669E}.Debug|Any CPU.ActiveCfg = Debug|Any CPU
		{F1C7111D-7CF8-402A-B2F9-5388F415669E}.Debug|Any CPU.Build.0 = Debug|Any CPU
		{F1C7111D-7CF8-402A-B2F9-5388F415669E}.Release|Any CPU.ActiveCfg = Release|Any CPU
		{F1C7111D-7CF8-402A-B2F9-5388F415669E}.Release|Any CPU.Build.0 = Release|Any CPU
	EndGlobalSection
	GlobalSection(SolutionProperties) = preSolution
		HideSolutionNode = FALSE
	EndGlobalSection
	GlobalSection(ExtensibilityGlobals) = postSolution
		SolutionGuid = {1C4E4D9C-0366-4000-A5C9-961B4688F491}
	EndGlobalSection
EndGlobal
